// !$*UTF8*$!
{
	archiveVersion = 1;
	classes = {};
	objectVersion = 77;
	objects = {

/* Begin PBXContainerItemProxy section */
		A20000000000000000000003 = {
			isa = PBXContainerItemProxy;
			containerPortal = A20000000000000000000010;
			proxyType = 1;
			remoteGlobalIDString = A20000000000000000000011;
			remoteInfo = Perch;
		};
		A20000000000000000000066 = {
			isa = PBXContainerItemProxy;
			containerPortal = A20000000000000000000010;
			proxyType = 1;
			remoteGlobalIDString = A20000000000000000000068;
			remoteInfo = PerchShare;
		};
		A20000000000000000000076 = {
			isa = PBXContainerItemProxy;
			containerPortal = A20000000000000000000010;
			proxyType = 1;
			remoteGlobalIDString = A20000000000000000000080;
			remoteInfo = PerchFinderAction;
		};
/* End PBXContainerItemProxy section */

/* Begin PBXBuildFile section */
		A20000000000000000000067 = {isa = PBXBuildFile; fileRef = A20000000000000000000051; settings = {ATTRIBUTES = (RemoveHeadersOnCopy,);};};
		A20000000000000000000077 = {isa = PBXBuildFile; fileRef = A20000000000000000000079; settings = {ATTRIBUTES = (RemoveHeadersOnCopy,);};};
/* End PBXBuildFile section */

/* Begin PBXCopyFilesBuildPhase section */
		A20000000000000000000064 = {
			isa = PBXCopyFilesBuildPhase;
			buildActionMask = 2147483647;
			dstPath = "";
			dstSubfolderSpec = 13;
			files = (A20000000000000000000067,);
			name = "Embed App Extensions";
			runOnlyForDeploymentPostprocessing = 0;
		};
		A20000000000000000000078 = {
			isa = PBXCopyFilesBuildPhase;
			buildActionMask = 2147483647;
			dstPath = "";
			dstSubfolderSpec = 13;
			files = (A20000000000000000000077,);
			name = "Embed App Extensions";
			runOnlyForDeploymentPostprocessing = 0;
		};
/* End PBXCopyFilesBuildPhase section */

/* Begin PBXFileReference section */
		A20000000000000000000004 = {isa = PBXFileReference; explicitFileType = wrapper.application; includeInIndex = 0; path = Perch.app; sourceTree = BUILT_PRODUCTS_DIR; };
		A20000000000000000000005 = {isa = PBXFileReference; explicitFileType = wrapper.cfbundle; includeInIndex = 0; path = PerchTests.xctest; sourceTree = BUILT_PRODUCTS_DIR; };
		A20000000000000000000050 = {isa = PBXFileReference; explicitFileType = wrapper.application; includeInIndex = 0; path = PerchIOS.app; sourceTree = BUILT_PRODUCTS_DIR; };
		A20000000000000000000051 = {isa = PBXFileReference; explicitFileType = "wrapper.app-extension"; includeInIndex = 0; path = PerchShare.appex; sourceTree = BUILT_PRODUCTS_DIR; };
		A20000000000000000000079 = {isa = PBXFileReference; explicitFileType = "wrapper.app-extension"; includeInIndex = 0; path = PerchFinderAction.appex; sourceTree = BUILT_PRODUCTS_DIR; };
/* End PBXFileReference section */

/* Begin PBXFileSystemSynchronizedBuildFileExceptionSet section */
		A20000000000000000000006 = {
			isa = PBXFileSystemSynchronizedBuildFileExceptionSet;
			membershipExceptions = (Config/Info.plist, Config/Perch.entitlements,);
			target = A20000000000000000000011;
		};
		A20000000000000000000056 = {
			isa = PBXFileSystemSynchronizedBuildFileExceptionSet;
			membershipExceptions = (Config/Info.plist, Config/PerchIOS.entitlements,);
			target = A20000000000000000000060;
		};
		A20000000000000000000057 = {
			isa = PBXFileSystemSynchronizedBuildFileExceptionSet;
			membershipExceptions = (Info.plist, PerchShare.entitlements,);
			target = A20000000000000000000068;
		};
		A2000000000000000000007A = {
			isa = PBXFileSystemSynchronizedBuildFileExceptionSet;
			membershipExceptions = (Info.plist, PerchFinderAction.entitlements,);
			target = A20000000000000000000080;
		};
/* End PBXFileSystemSynchronizedBuildFileExceptionSet section */

/* Begin PBXFileSystemSynchronizedRootGroup section */
		A20000000000000000000007 = {
			isa = PBXFileSystemSynchronizedRootGroup;
			exceptions = (A20000000000000000000006,);
			path = Perch;
			sourceTree = "<group>";
		};
		A20000000000000000000008 = {
			isa = PBXFileSystemSynchronizedRootGroup;
			path = PerchTests;
			sourceTree = "<group>";
		};
		A20000000000000000000052 = {
			isa = PBXFileSystemSynchronizedRootGroup;
			path = PerchWire;
			sourceTree = "<group>";
		};
		A20000000000000000000053 = {
			isa = PBXFileSystemSynchronizedRootGroup;
			exceptions = (A20000000000000000000056,);
			path = PerchIOS;
			sourceTree = "<group>";
		};
		A20000000000000000000054 = {
			isa = PBXFileSystemSynchronizedRootGroup;
			exceptions = (A20000000000000000000057,);
			path = PerchShare;
			sourceTree = "<group>";
		};
		A20000000000000000000055 = {
			isa = PBXFileSystemSynchronizedRootGroup;
			path = PerchMobileCore;
			sourceTree = "<group>";
		};
		A2000000000000000000007B = {
			isa = PBXFileSystemSynchronizedRootGroup;
			path = PerchFinderBridge;
			sourceTree = "<group>";
		};
		A2000000000000000000007C = {
			isa = PBXFileSystemSynchronizedRootGroup;
			exceptions = (A2000000000000000000007A,);
			path = PerchFinderAction;
			sourceTree = "<group>";
		};
/* End PBXFileSystemSynchronizedRootGroup section */

/* Begin PBXFrameworksBuildPhase section */
		A20000000000000000000009 = {isa = PBXFrameworksBuildPhase; buildActionMask = 2147483647; files = (); runOnlyForDeploymentPostprocessing = 0; };
		A2000000000000000000000A = {isa = PBXFrameworksBuildPhase; buildActionMask = 2147483647; files = (); runOnlyForDeploymentPostprocessing = 0; };
		A20000000000000000000062 = {isa = PBXFrameworksBuildPhase; buildActionMask = 2147483647; files = (); runOnlyForDeploymentPostprocessing = 0; };
		A2000000000000000000006A = {isa = PBXFrameworksBuildPhase; buildActionMask = 2147483647; files = (); runOnlyForDeploymentPostprocessing = 0; };
		A2000000000000000000007D = {isa = PBXFrameworksBuildPhase; buildActionMask = 2147483647; files = (); runOnlyForDeploymentPostprocessing = 0; };
/* End PBXFrameworksBuildPhase section */

/* Begin PBXGroup section */
		A2000000000000000000000B = {
			isa = PBXGroup;
			children = (
				A20000000000000000000007,
				A20000000000000000000052,
				A2000000000000000000007B,
				A2000000000000000000007C,
				A20000000000000000000055,
				A20000000000000000000053,
				A20000000000000000000054,
				A20000000000000000000008,
				A2000000000000000000000C,
			);
			sourceTree = "<group>";
		};
		A2000000000000000000000C = {
			isa = PBXGroup;
			children = (A20000000000000000000004, A20000000000000000000005, A20000000000000000000050, A20000000000000000000051, A20000000000000000000079,);
			name = Products;
			sourceTree = "<group>";
		};
/* End PBXGroup section */

/* Begin PBXNativeTarget section */
		A20000000000000000000011 = {
			isa = PBXNativeTarget;
			buildConfigurationList = A20000000000000000000030;
			buildPhases = (A20000000000000000000013, A20000000000000000000009, A20000000000000000000014, A20000000000000000000078,);
			buildRules = ();
			dependencies = (A20000000000000000000081,);
			fileSystemSynchronizedGroups = (A20000000000000000000007, A20000000000000000000052, A2000000000000000000007B,);
			name = Perch;
			packageProductDependencies = ();
			productName = Perch;
			productReference = A20000000000000000000004;
			productType = "com.apple.product-type.application";
		};
		A20000000000000000000060 = {
			isa = PBXNativeTarget;
			buildConfigurationList = A20000000000000000000074;
			buildPhases = (A20000000000000000000061, A20000000000000000000062, A20000000000000000000063, A20000000000000000000064,);
			buildRules = ();
			dependencies = (A20000000000000000000065,);
			fileSystemSynchronizedGroups = (A20000000000000000000053, A20000000000000000000052, A20000000000000000000055,);
			name = PerchIOS;
			packageProductDependencies = ();
			productName = PerchIOS;
			productReference = A20000000000000000000050;
			productType = "com.apple.product-type.application";
		};
		A20000000000000000000068 = {
			isa = PBXNativeTarget;
			buildConfigurationList = A20000000000000000000075;
			buildPhases = (A20000000000000000000069, A2000000000000000000006A, A2000000000000000000006B,);
			buildRules = ();
			dependencies = ();
			fileSystemSynchronizedGroups = (A20000000000000000000054, A20000000000000000000052, A20000000000000000000055,);
			name = PerchShare;
			packageProductDependencies = ();
			productName = PerchShare;
			productReference = A20000000000000000000051;
			productType = "com.apple.product-type.app-extension";
		};
		A20000000000000000000080 = {
			isa = PBXNativeTarget;
			buildConfigurationList = A20000000000000000000084;
			buildPhases = (A2000000000000000000007E, A2000000000000000000007D, A2000000000000000000007F,);
			buildRules = ();
			dependencies = ();
			fileSystemSynchronizedGroups = (A2000000000000000000007C, A2000000000000000000007B,);
			name = PerchFinderAction;
			packageProductDependencies = ();
			productName = PerchFinderAction;
			productReference = A20000000000000000000079;
			productType = "com.apple.product-type.app-extension";
		};
		A20000000000000000000012 = {
			isa = PBXNativeTarget;
			buildConfigurationList = A20000000000000000000031;
			buildPhases = (A20000000000000000000015, A2000000000000000000000A, A20000000000000000000016,);
			buildRules = ();
			dependencies = (A20000000000000000000017,);
			fileSystemSynchronizedGroups = (A20000000000000000000008,);
			name = PerchTests;
			packageProductDependencies = ();
			productName = PerchTests;
			productReference = A20000000000000000000005;
			productType = "com.apple.product-type.bundle.unit-test";
		};
/* End PBXNativeTarget section */

/* Begin PBXProject section */
		A20000000000000000000010 = {
			isa = PBXProject;
			attributes = {
				BuildIndependentTargetsInParallel = 1;
				LastSwiftUpdateCheck = 2660;
				LastUpgradeCheck = 2660;
				TargetAttributes = {
					A20000000000000000000011 = {CreatedOnToolsVersion = 26.6;};
					A20000000000000000000012 = {CreatedOnToolsVersion = 26.6; TestTargetID = A20000000000000000000011;};
					A20000000000000000000060 = {CreatedOnToolsVersion = 26.6;};
					A20000000000000000000068 = {CreatedOnToolsVersion = 26.6;};
					A20000000000000000000080 = {CreatedOnToolsVersion = 26.6;};
				};
			};
			buildConfigurationList = A20000000000000000000032;
			developmentRegion = en;
			hasScannedForEncodings = 0;
			knownRegions = (en, Base,);
			mainGroup = A2000000000000000000000B;
			minimizedProjectReferenceProxies = 1;
			preferredProjectObjectVersion = 77;
			productRefGroup = A2000000000000000000000C;
			projectDirPath = "";
			projectRoot = "";
			targets = (A20000000000000000000011, A20000000000000000000012, A20000000000000000000060, A20000000000000000000068, A20000000000000000000080,);
		};
/* End PBXProject section */

/* Begin PBXResourcesBuildPhase section */
		A20000000000000000000014 = {isa = PBXResourcesBuildPhase; buildActionMask = 2147483647; files = (); runOnlyForDeploymentPostprocessing = 0; };
		A20000000000000000000016 = {isa = PBXResourcesBuildPhase; buildActionMask = 2147483647; files = (); runOnlyForDeploymentPostprocessing = 0; };
		A20000000000000000000063 = {isa = PBXResourcesBuildPhase; buildActionMask = 2147483647; files = (); runOnlyForDeploymentPostprocessing = 0; };
		A2000000000000000000006B = {isa = PBXResourcesBuildPhase; buildActionMask = 2147483647; files = (); runOnlyForDeploymentPostprocessing = 0; };
		A2000000000000000000007F = {isa = PBXResourcesBuildPhase; buildActionMask = 2147483647; files = (); runOnlyForDeploymentPostprocessing = 0; };
/* End PBXResourcesBuildPhase section */

/* Begin PBXSourcesBuildPhase section */
		A20000000000000000000013 = {isa = PBXSourcesBuildPhase; buildActionMask = 2147483647; files = (); runOnlyForDeploymentPostprocessing = 0; };
		A20000000000000000000015 = {isa = PBXSourcesBuildPhase; buildActionMask = 2147483647; files = (); runOnlyForDeploymentPostprocessing = 0; };
		A20000000000000000000061 = {isa = PBXSourcesBuildPhase; buildActionMask = 2147483647; files = (); runOnlyForDeploymentPostprocessing = 0; };
		A20000000000000000000069 = {isa = PBXSourcesBuildPhase; buildActionMask = 2147483647; files = (); runOnlyForDeploymentPostprocessing = 0; };
		A2000000000000000000007E = {isa = PBXSourcesBuildPhase; buildActionMask = 2147483647; files = (); runOnlyForDeploymentPostprocessing = 0; };
/* End PBXSourcesBuildPhase section */

/* Begin PBXTargetDependency section */
		A20000000000000000000017 = {isa = PBXTargetDependency; target = A20000000000000000000011; targetProxy = A20000000000000000000003;};
		A20000000000000000000065 = {isa = PBXTargetDependency; target = A20000000000000000000068; targetProxy = A20000000000000000000066;};
		A20000000000000000000081 = {isa = PBXTargetDependency; target = A20000000000000000000080; targetProxy = A20000000000000000000076;};
/* End PBXTargetDependency section */

/* Begin XCBuildConfiguration section */
		A20000000000000000000040 = {
			isa = XCBuildConfiguration;
			buildSettings = {
				ALWAYS_SEARCH_USER_PATHS = NO;
				CLANG_ANALYZER_NONNULL = YES;
				CLANG_ENABLE_MODULES = YES;
				CLANG_ENABLE_OBJC_ARC = YES;
				CLANG_WARN_DOCUMENTATION_COMMENTS = YES;
				COPY_PHASE_STRIP = NO;
				DEBUG_INFORMATION_FORMAT = dwarf;
				ENABLE_TESTABILITY = YES;
				GCC_C_LANGUAGE_STANDARD = gnu17;
				GCC_OPTIMIZATION_LEVEL = 0;
				ONLY_ACTIVE_ARCH = YES;
				SWIFT_ACTIVE_COMPILATION_CONDITIONS = "DEBUG $(inherited)";
				SWIFT_OPTIMIZATION_LEVEL = "-Onone";
			};
			name = Debug;
		};
		A20000000000000000000041 = {
			isa = XCBuildConfiguration;
			buildSettings = {
				ALWAYS_SEARCH_USER_PATHS = NO;
				CLANG_ANALYZER_NONNULL = YES;
				CLANG_ENABLE_MODULES = YES;
				CLANG_ENABLE_OBJC_ARC = YES;
				CLANG_WARN_DOCUMENTATION_COMMENTS = YES;
				COPY_PHASE_STRIP = YES;
				DEBUG_INFORMATION_FORMAT = "dwarf-with-dsym";
				GCC_C_LANGUAGE_STANDARD = gnu17;
				SWIFT_COMPILATION_MODE = wholemodule;
			};
			name = Release;
		};
		A20000000000000000000042 = {
			isa = XCBuildConfiguration;
			buildSettings = {
				ASSETCATALOG_COMPILER_APPICON_NAME = AppIcon;
				ASSETCATALOG_COMPILER_GLOBAL_ACCENT_COLOR_NAME = AccentColor;
				CODE_SIGN_ENTITLEMENTS = Perch/Config/Perch.entitlements;
				CODE_SIGN_STYLE = Automatic;
				COMBINE_HIDPI_IMAGES = YES;
				CURRENT_PROJECT_VERSION = 1;
				DEVELOPMENT_TEAM = 88M28542LQ;
				ENABLE_APP_SANDBOX = YES;
				ENABLE_HARDENED_RUNTIME = YES;
				GENERATE_INFOPLIST_FILE = YES;
				INFOPLIST_FILE = Perch/Config/Info.plist;
				INFOPLIST_KEY_CFBundleDisplayName = Perch;
				INFOPLIST_KEY_LSApplicationCategoryType = "public.app-category.utilities";
				INFOPLIST_KEY_LSBackgroundOnly = NO;
				INFOPLIST_KEY_LSUIElement = YES;
				LD_RUNPATH_SEARCH_PATHS = "$(inherited) @executable_path/../Frameworks";
				MACOSX_DEPLOYMENT_TARGET = 14.0;
				MARKETING_VERSION = 0.1.0;
				PRODUCT_BUNDLE_IDENTIFIER = com.hausfold.perch;
				PRODUCT_NAME = "$(TARGET_NAME)";
				SWIFT_EMIT_LOC_STRINGS = YES;
				SWIFT_STRICT_CONCURRENCY = targeted;
				SWIFT_VERSION = 6.0;
			};
			name = Debug;
		};
		A20000000000000000000043 = {
			isa = XCBuildConfiguration;
			buildSettings = {
				ASSETCATALOG_COMPILER_APPICON_NAME = AppIcon;
				ASSETCATALOG_COMPILER_GLOBAL_ACCENT_COLOR_NAME = AccentColor;
				CODE_SIGN_ENTITLEMENTS = Perch/Config/Perch.entitlements;
				CODE_SIGN_STYLE = Automatic;
				COMBINE_HIDPI_IMAGES = YES;
				CURRENT_PROJECT_VERSION = 1;
				DEVELOPMENT_TEAM = 88M28542LQ;
				ENABLE_APP_SANDBOX = YES;
				ENABLE_HARDENED_RUNTIME = YES;
				GENERATE_INFOPLIST_FILE = YES;
				INFOPLIST_FILE = Perch/Config/Info.plist;
				INFOPLIST_KEY_CFBundleDisplayName = Perch;
				INFOPLIST_KEY_LSApplicationCategoryType = "public.app-category.utilities";
				INFOPLIST_KEY_LSBackgroundOnly = NO;
				INFOPLIST_KEY_LSUIElement = YES;
				LD_RUNPATH_SEARCH_PATHS = "$(inherited) @executable_path/../Frameworks";
				MACOSX_DEPLOYMENT_TARGET = 14.0;
				MARKETING_VERSION = 0.1.0;
				PRODUCT_BUNDLE_IDENTIFIER = com.hausfold.perch;
				PRODUCT_NAME = "$(TARGET_NAME)";
				SWIFT_EMIT_LOC_STRINGS = YES;
				SWIFT_STRICT_CONCURRENCY = targeted;
				SWIFT_VERSION = 6.0;
			};
			name = Release;
		};
		A20000000000000000000044 = {
			isa = XCBuildConfiguration;
			buildSettings = {
				BUNDLE_LOADER = "$(TEST_HOST)";
				CODE_SIGN_STYLE = Automatic;
				DEVELOPMENT_TEAM = 88M28542LQ;
				GENERATE_INFOPLIST_FILE = YES;
				MACOSX_DEPLOYMENT_TARGET = 14.0;
				PRODUCT_BUNDLE_IDENTIFIER = com.hausfold.perch.tests;
				PRODUCT_NAME = "$(TARGET_NAME)";
				SWIFT_STRICT_CONCURRENCY = targeted;
				SWIFT_VERSION = 6.0;
				TEST_HOST = "$(BUILT_PRODUCTS_DIR)/Perch.app/Contents/MacOS/Perch";
			};
			name = Debug;
		};
		A20000000000000000000045 = {
			isa = XCBuildConfiguration;
			buildSettings = {
				BUNDLE_LOADER = "$(TEST_HOST)";
				CODE_SIGN_STYLE = Automatic;
				DEVELOPMENT_TEAM = 88M28542LQ;
				GENERATE_INFOPLIST_FILE = YES;
				MACOSX_DEPLOYMENT_TARGET = 14.0;
				PRODUCT_BUNDLE_IDENTIFIER = com.hausfold.perch.tests;
				PRODUCT_NAME = "$(TARGET_NAME)";
				SWIFT_STRICT_CONCURRENCY = targeted;
				SWIFT_VERSION = 6.0;
				TEST_HOST = "$(BUILT_PRODUCTS_DIR)/Perch.app/Contents/MacOS/Perch";
			};
			name = Release;
		};
		A20000000000000000000070 = {
			isa = XCBuildConfiguration;
			buildSettings = {
				ASSETCATALOG_COMPILER_APPICON_NAME = AppIcon;
				ASSETCATALOG_COMPILER_GLOBAL_ACCENT_COLOR_NAME = AccentColor;
				CODE_SIGN_ENTITLEMENTS = PerchIOS/Config/PerchIOS.entitlements;
				CODE_SIGN_STYLE = Automatic;
				CURRENT_PROJECT_VERSION = 1;
				DEVELOPMENT_TEAM = 88M28542LQ;
				GENERATE_INFOPLIST_FILE = YES;
				INFOPLIST_FILE = PerchIOS/Config/Info.plist;
				INFOPLIST_KEY_CFBundleDisplayName = Perch;
				INFOPLIST_KEY_LSApplicationCategoryType = "public.app-category.productivity";
				INFOPLIST_KEY_UIApplicationSceneManifest_Generation = YES;
				INFOPLIST_KEY_UIApplicationSupportsIndirectInputEvents = YES;
				INFOPLIST_KEY_UILaunchScreen_Generation = YES;
				INFOPLIST_KEY_UISupportedInterfaceOrientations_iPad = "UIInterfaceOrientationPortrait UIInterfaceOrientationPortraitUpsideDown UIInterfaceOrientationLandscapeLeft UIInterfaceOrientationLandscapeRight";
				INFOPLIST_KEY_UISupportedInterfaceOrientations_iPhone = "UIInterfaceOrientationPortrait";
				IPHONEOS_DEPLOYMENT_TARGET = 18.0;
				LD_RUNPATH_SEARCH_PATHS = "$(inherited) @executable_path/Frameworks";
				MARKETING_VERSION = 0.1.0;
				PRODUCT_BUNDLE_IDENTIFIER = com.hausfold.perch.ios;
				PRODUCT_NAME = "$(TARGET_NAME)";
				SDKROOT = iphoneos;
				SWIFT_EMIT_LOC_STRINGS = YES;
				SWIFT_STRICT_CONCURRENCY = targeted;
				SWIFT_VERSION = 6.0;
				TARGETED_DEVICE_FAMILY = "1,2";
			};
			name = Debug;
		};
		A20000000000000000000071 = {
			isa = XCBuildConfiguration;
			buildSettings = {
				ASSETCATALOG_COMPILER_APPICON_NAME = AppIcon;
				ASSETCATALOG_COMPILER_GLOBAL_ACCENT_COLOR_NAME = AccentColor;
				CODE_SIGN_ENTITLEMENTS = PerchIOS/Config/PerchIOS.entitlements;
				CODE_SIGN_STYLE = Automatic;
				CURRENT_PROJECT_VERSION = 1;
				DEVELOPMENT_TEAM = 88M28542LQ;
				GENERATE_INFOPLIST_FILE = YES;
				INFOPLIST_FILE = PerchIOS/Config/Info.plist;
				INFOPLIST_KEY_CFBundleDisplayName = Perch;
				INFOPLIST_KEY_LSApplicationCategoryType = "public.app-category.productivity";
				INFOPLIST_KEY_UIApplicationSceneManifest_Generation = YES;
				INFOPLIST_KEY_UIApplicationSupportsIndirectInputEvents = YES;
				INFOPLIST_KEY_UILaunchScreen_Generation = YES;
				INFOPLIST_KEY_UISupportedInterfaceOrientations_iPad = "UIInterfaceOrientationPortrait UIInterfaceOrientationPortraitUpsideDown UIInterfaceOrientationLandscapeLeft UIInterfaceOrientationLandscapeRight";
				INFOPLIST_KEY_UISupportedInterfaceOrientations_iPhone = "UIInterfaceOrientationPortrait";
				IPHONEOS_DEPLOYMENT_TARGET = 18.0;
				LD_RUNPATH_SEARCH_PATHS = "$(inherited) @executable_path/Frameworks";
				MARKETING_VERSION = 0.1.0;
				PRODUCT_BUNDLE_IDENTIFIER = com.hausfold.perch.ios;
				PRODUCT_NAME = "$(TARGET_NAME)";
				SDKROOT = iphoneos;
				SWIFT_EMIT_LOC_STRINGS = YES;
				SWIFT_STRICT_CONCURRENCY = targeted;
				SWIFT_VERSION = 6.0;
				TARGETED_DEVICE_FAMILY = "1,2";
			};
			name = Release;
		};
		A20000000000000000000072 = {
			isa = XCBuildConfiguration;
			buildSettings = {
				CODE_SIGN_ENTITLEMENTS = PerchShare/PerchShare.entitlements;
				CODE_SIGN_STYLE = Automatic;
				CURRENT_PROJECT_VERSION = 1;
				DEVELOPMENT_TEAM = 88M28542LQ;
				GENERATE_INFOPLIST_FILE = YES;
				INFOPLIST_FILE = PerchShare/Info.plist;
				INFOPLIST_KEY_CFBundleDisplayName = Perch;
				IPHONEOS_DEPLOYMENT_TARGET = 18.0;
				LD_RUNPATH_SEARCH_PATHS = "$(inherited) @executable_path/Frameworks @executable_path/../../Frameworks";
				MARKETING_VERSION = 0.1.0;
				PRODUCT_BUNDLE_IDENTIFIER = com.hausfold.perch.ios.share;
				PRODUCT_NAME = "$(TARGET_NAME)";
				SDKROOT = iphoneos;
				SKIP_INSTALL = YES;
				SWIFT_EMIT_LOC_STRINGS = YES;
				SWIFT_STRICT_CONCURRENCY = targeted;
				SWIFT_VERSION = 6.0;
				TARGETED_DEVICE_FAMILY = "1,2";
			};
			name = Debug;
		};
		A20000000000000000000073 = {
			isa = XCBuildConfiguration;
			buildSettings = {
				CODE_SIGN_ENTITLEMENTS = PerchShare/PerchShare.entitlements;
				CODE_SIGN_STYLE = Automatic;
				CURRENT_PROJECT_VERSION = 1;
				DEVELOPMENT_TEAM = 88M28542LQ;
				GENERATE_INFOPLIST_FILE = YES;
				INFOPLIST_FILE = PerchShare/Info.plist;
				INFOPLIST_KEY_CFBundleDisplayName = Perch;
				IPHONEOS_DEPLOYMENT_TARGET = 18.0;
				LD_RUNPATH_SEARCH_PATHS = "$(inherited) @executable_path/Frameworks @executable_path/../../Frameworks";
				MARKETING_VERSION = 0.1.0;
				PRODUCT_BUNDLE_IDENTIFIER = com.hausfold.perch.ios.share;
				PRODUCT_NAME = "$(TARGET_NAME)";
				SDKROOT = iphoneos;
				SKIP_INSTALL = YES;
				SWIFT_EMIT_LOC_STRINGS = YES;
				SWIFT_STRICT_CONCURRENCY = targeted;
				SWIFT_VERSION = 6.0;
				TARGETED_DEVICE_FAMILY = "1,2";
			};
			name = Release;
		};
		A20000000000000000000082 = {
			isa = XCBuildConfiguration;
			buildSettings = {
				APPLICATION_EXTENSION_API_ONLY = YES;
				CODE_SIGN_ENTITLEMENTS = PerchFinderAction/PerchFinderAction.entitlements;
				CODE_SIGN_STYLE = Automatic;
				CURRENT_PROJECT_VERSION = 1;
				DEVELOPMENT_TEAM = 88M28542LQ;
				ENABLE_APP_SANDBOX = YES;
				ENABLE_HARDENED_RUNTIME = YES;
				GENERATE_INFOPLIST_FILE = YES;
				INFOPLIST_FILE = PerchFinderAction/Info.plist;
				LD_RUNPATH_SEARCH_PATHS = "$(inherited) @executable_path/../Frameworks @executable_path/../../../../Frameworks";
				MACOSX_DEPLOYMENT_TARGET = 14.0;
				MARKETING_VERSION = 0.1.0;
				PRODUCT_BUNDLE_IDENTIFIER = com.hausfold.perch.finder-action;
				PRODUCT_NAME = "$(TARGET_NAME)";
				SDKROOT = macosx;
				SKIP_INSTALL = YES;
				SWIFT_EMIT_LOC_STRINGS = YES;
				SWIFT_STRICT_CONCURRENCY = targeted;
				SWIFT_VERSION = 6.0;
			};
			name = Debug;
		};
		A20000000000000000000083 = {
			isa = XCBuildConfiguration;
			buildSettings = {
				APPLICATION_EXTENSION_API_ONLY = YES;
				CODE_SIGN_ENTITLEMENTS = PerchFinderAction/PerchFinderAction.entitlements;
				CODE_SIGN_STYLE = Automatic;
				CURRENT_PROJECT_VERSION = 1;
				DEVELOPMENT_TEAM = 88M28542LQ;
				ENABLE_APP_SANDBOX = YES;
				ENABLE_HARDENED_RUNTIME = YES;
				GENERATE_INFOPLIST_FILE = YES;
				INFOPLIST_FILE = PerchFinderAction/Info.plist;
				LD_RUNPATH_SEARCH_PATHS = "$(inherited) @executable_path/../Frameworks @executable_path/../../../../Frameworks";
				MACOSX_DEPLOYMENT_TARGET = 14.0;
				MARKETING_VERSION = 0.1.0;
				PRODUCT_BUNDLE_IDENTIFIER = com.hausfold.perch.finder-action;
				PRODUCT_NAME = "$(TARGET_NAME)";
				SDKROOT = macosx;
				SKIP_INSTALL = YES;
				SWIFT_EMIT_LOC_STRINGS = YES;
				SWIFT_STRICT_CONCURRENCY = targeted;
				SWIFT_VERSION = 6.0;
			};
			name = Release;
		};
/* End XCBuildConfiguration section */

/* Begin XCConfigurationList section */
		A20000000000000000000030 = {isa = XCConfigurationList; buildConfigurations = (A20000000000000000000042, A20000000000000000000043,); defaultConfigurationIsVisible = 0; defaultConfigurationName = Release;};
		A20000000000000000000031 = {isa = XCConfigurationList; buildConfigurations = (A20000000000000000000044, A20000000000000000000045,); defaultConfigurationIsVisible = 0; defaultConfigurationName = Release;};
		A20000000000000000000032 = {isa = XCConfigurationList; buildConfigurations = (A20000000000000000000040, A20000000000000000000041,); defaultConfigurationIsVisible = 0; defaultConfigurationName = Release;};
		A20000000000000000000074 = {isa = XCConfigurationList; buildConfigurations = (A20000000000000000000070, A20000000000000000000071,); defaultConfigurationIsVisible = 0; defaultConfigurationName = Release;};
		A20000000000000000000075 = {isa = XCConfigurationList; buildConfigurations = (A20000000000000000000072, A20000000000000000000073,); defaultConfigurationIsVisible = 0; defaultConfigurationName = Release;};
		A20000000000000000000084 = {isa = XCConfigurationList; buildConfigurations = (A20000000000000000000082, A20000000000000000000083,); defaultConfigurationIsVisible = 0; defaultConfigurationName = Release;};
/* End XCConfigurationList section */
	};
	rootObject = A20000000000000000000010;
}
